// !$*UTF8*$!
{
	archiveVersion = 1;
	classes = {
	};
	objectVersion = 55;
	objects = {

/* Begin PBXBuildFile section */
		3161F30E280604A600770CD6 /* UITrainingApp.swift in Sources */ = {isa = PBXBuildFile; fileRef = 3161F30D280604A600770CD6 /* UITrainingApp.swift */; };
		3161F310280604A600770CD6 /* ContentView.swift in Sources */ = {isa = PBXBuildFile; fileRef = 3161F30F280604A600770CD6 /* ContentView.swift */; };
		3161F312280604A700770CD6 /* Assets.xcassets in Resources */ = {isa = PBXBuildFile; fileRef = 3161F311280604A700770CD6 /* Assets.xcassets */; };
		3161F315280604A700770CD6 /* Preview Assets.xcassets in Resources */ = {isa = PBXBuildFile; fileRef = 3161F314280604A700770CD6 /* Preview Assets.xcassets */; };
		3161F31C280604C300770CD6 /* Label.swift in Sources */ = {isa = PBXBuildFile; fileRef = 3161F31B280604C200770CD6 /* Label.swift */; };
		3161F31E280870BA00770CD6 /* Menu.swift in Sources */ = {isa = PBXBuildFile; fileRef = 3161F31D280870BA00770CD6 /* Menu.swift */; };
		31C90698283DC22400B1BD6F /* MarkDown.swift in Sources */ = {isa = PBXBuildFile; fileRef = 31C90697283DC22400B1BD6F /* MarkDown.swift */; };
		31C9069A283DC3DA00B1BD6F /* ProgressViews.swift in Sources */ = {isa = PBXBuildFile; fileRef = 31C90699283DC3DA00B1BD6F /* ProgressViews.swift */; };
		31DD3AEF29144A6700DD8751 /* MatchGeometryEffect.swift in Sources */ = {isa = PBXBuildFile; fileRef = 31DD3AEE29144A6700DD8751 /* MatchGeometryEffect.swift */; };
		31DD3AF229145EDA00DD8751 /* ProfileCells.swift in Sources */ = {isa = PBXBuildFile; fileRef = 31DD3AF129145EDA00DD8751 /* ProfileCells.swift */; };
		31EEE940291560EA00DF92E3 /* Modifiers.swift in Sources */ = {isa = PBXBuildFile; fileRef = 31EEE93F291560EA00DF92E3 /* Modifiers.swift */; };
		31EEE9422915611E00DF92E3 /* Extensions.swift in Sources */ = {isa = PBXBuildFile; fileRef = 31EEE9412915611E00DF92E3 /* Extensions.swift */; };
/* End PBXBuildFile section */

/* Begin PBXFileReference section */
		3161F30A280604A600770CD6 /* UITraining.app */ = {isa = PBXFileReference; explicitFileType = wrapper.application; includeInIndex = 0; path = UITraining.app; sourceTree = BUILT_PRODUCTS_DIR; };
		3161F30D280604A600770CD6 /* UITrainingApp.swift */ = {isa = PBXFileReference; lastKnownFileType = sourcecode.swift; path = UITrainingApp.swift; sourceTree = "<group>"; };
		3161F30F280604A600770CD6 /* ContentView.swift */ = {isa = PBXFileReference; lastKnownFileType = sourcecode.swift; path = ContentView.swift; sourceTree = "<group>"; };
		3161F311280604A700770CD6 /* Assets.xcassets */ = {isa = PBXFileReference; lastKnownFileType = folder.assetcatalog; path = Assets.xcassets; sourceTree = "<group>"; };
		3161F314280604A700770CD6 /* Preview Assets.xcassets */ = {isa = PBXFileReference; lastKnownFileType = folder.assetcatalog; path = "Preview Assets.xcassets"; sourceTree = "<group>"; };
		3161F31B280604C200770CD6 /* Label.swift */ = {isa = PBXFileReference; lastKnownFileType = sourcecode.swift; path = Label.swift; sourceTree = "<group>"; };
		3161F31D280870BA00770CD6 /* Menu.swift */ = {isa = PBXFileReference; lastKnownFileType = sourcecode.swift; path = Menu.swift; sourceTree = "<group>"; };
		31C90697283DC22400B1BD6F /* MarkDown.swift */ = {isa = PBXFileReference; lastKnownFileType = sourcecode.swift; path = MarkDown.swift; sourceTree = "<group>"; };
		31C90699283DC3DA00B1BD6F /* ProgressViews.swift */ = {isa = PBXFileReference; lastKnownFileType = sourcecode.swift; path = ProgressViews.swift; sourceTree = "<group>"; };
		31DD3AEE29144A6700DD8751 /* MatchGeometryEffect.swift */ = {isa = PBXFileReference; lastKnownFileType = sourcecode.swift; path = MatchGeometryEffect.swift; sourceTree = "<group>"; };
		31DD3AF129145EDA00DD8751 /* ProfileCells.swift */ = {isa = PBXFileReference; lastKnownFileType = sourcecode.swift; path = ProfileCells.swift; sourceTree = "<group>"; };
		31EEE93F291560EA00DF92E3 /* Modifiers.swift */ = {isa = PBXFileReference; lastKnownFileType = sourcecode.swift; path = Modifiers.swift; sourceTree = "<group>"; };
		31EEE9412915611E00DF92E3 /* Extensions.swift */ = {isa = PBXFileReference; lastKnownFileType = sourcecode.swift; path = Extensions.swift; sourceTree = "<group>"; };
/* End PBXFileReference section */

/* Begin PBXFrameworksBuildPhase section */
		3161F307280604A600770CD6 /* Frameworks */ = {
			isa = PBXFrameworksBuildPhase;
			buildActionMask = 2147483647;
			files = (
			);
			runOnlyForDeploymentPostprocessing = 0;
		};
/* End PBXFrameworksBuildPhase section */

/* Begin PBXGroup section */
		3161F301280604A600770CD6 = {
			isa = PBXGroup;
			children = (
				3161F30C280604A600770CD6 /* UITraining */,
				3161F30B280604A600770CD6 /* Products */,
			);
			sourceTree = "<group>";
		};
		3161F30B280604A600770CD6 /* Products */ = {
			isa = PBXGroup;
			children = (
				3161F30A280604A600770CD6 /* UITraining.app */,
			);
			name = Products;
			sourceTree = "<group>";
		};
		3161F30C280604A600770CD6 /* UITraining */ = {
			isa = PBXGroup;
			children = (
				3161F30D280604A600770CD6 /* UITrainingApp.swift */,
				3161F30F280604A600770CD6 /* ContentView.swift */,
				3161F311280604A700770CD6 /* Assets.xcassets */,
				3161F313280604A700770CD6 /* Preview Content */,
				3161F31B280604C200770CD6 /* Label.swift */,
				31C90697283DC22400B1BD6F /* MarkDown.swift */,
				31C90699283DC3DA00B1BD6F /* ProgressViews.swift */,
				3161F31D280870BA00770CD6 /* Menu.swift */,
				31DD3AF029145EB100DD8751 /* MatchedGeoEffect */,
			);
			path = UITraining;
			sourceTree = "<group>";
		};
		3161F313280604A700770CD6 /* Preview Content */ = {
			isa = PBXGroup;
			children = (
				3161F314280604A700770CD6 /* Preview Assets.xcassets */,
			);
			path = "Preview Content";
			sourceTree = "<group>";
		};
		31DD3AF029145EB100DD8751 /* MatchedGeoEffect */ = {
			isa = PBXGroup;
			children = (
				31DD3AEE29144A6700DD8751 /* MatchGeometryEffect.swift */,
				31DD3AF129145EDA00DD8751 /* ProfileCells.swift */,
				31EEE93F291560EA00DF92E3 /* Modifiers.swift */,
				31EEE9412915611E00DF92E3 /* Extensions.swift */,
			);
			path = MatchedGeoEffect;
			sourceTree = "<group>";
		};
/* End PBXGroup section */

/* Begin PBXNativeTarget section */
		3161F309280604A600770CD6 /* UITraining */ = {
			isa = PBXNativeTarget;
			buildConfigurationList = 3161F318280604A700770CD6 /* Build configuration list for PBXNativeTarget "UITraining" */;
			buildPhases = (
				3161F306280604A600770CD6 /* Sources */,
				3161F307280604A600770CD6 /* Frameworks */,
				3161F308280604A600770CD6 /* Resources */,
			);
			buildRules = (
			);
			dependencies = (
			);
			name = UITraining;
			productName = UITraining;
			productReference = 3161F30A280604A600770CD6 /* UITraining.app */;
			productType = "com.apple.product-type.application";
		};
/* End PBXNativeTarget section */

/* Begin PBXProject section */
		3161F302280604A600770CD6 /* Project object */ = {
			isa = PBXProject;
			attributes = {
				BuildIndependentTargetsInParallel = 1;
				LastSwiftUpdateCheck = 1320;
				LastUpgradeCheck = 1320;
				TargetAttributes = {
					3161F309280604A600770CD6 = {
						CreatedOnToolsVersion = 13.2.1;
					};
				};
			};
			buildConfigurationList = 3161F305280604A600770CD6 /* Build configuration list for PBXProject "UITraining" */;
			compatibilityVersion = "Xcode 13.0";
			developmentRegion = en;
			hasScannedForEncodings = 0;
			knownRegions = (
				en,
				Base,
			);
			mainGroup = 3161F301280604A600770CD6;
			productRefGroup = 3161F30B280604A600770CD6 /* Products */;
			projectDirPath = "";
			projectRoot = "";
			targets = (
				3161F309280604A600770CD6 /* UITraining */,
			);
		};
/* End PBXProject section */

/* Begin PBXResourcesBuildPhase section */
		3161F308280604A600770CD6 /* Resources */ = {
			isa = PBXResourcesBuildPhase;
			buildActionMask = 2147483647;
			files = (
				3161F315280604A700770CD6 /* Preview Assets.xcassets in Resources */,
				3161F312280604A700770CD6 /* Assets.xcassets in Resources */,
			);
			runOnlyForDeploymentPostprocessing = 0;
		};
/* End PBXResourcesBuildPhase section */

/* Begin PBXSourcesBuildPhase section */
		3161F306280604A600770CD6 /* Sources */ = {
			isa = PBXSourcesBuildPhase;
			buildActionMask = 2147483647;
			files = (
				3161F310280604A600770CD6 /* ContentView.swift in Sources */,
				31DD3AF229145EDA00DD8751 /* ProfileCells.swift in Sources */,
				31C9069A283DC3DA00B1BD6F /* ProgressViews.swift in Sources */,
				3161F30E280604A600770CD6 /* UITrainingApp.swift in Sources */,
				3161F31E280870BA00770CD6 /* Menu.swift in Sources */,
				31EEE9422915611E00DF92E3 /* Extensions.swift in Sources */,
				31C90698283DC22400B1BD6F /* MarkDown.swift in Sources */,
				31DD3AEF29144A6700DD8751 /* MatchGeometryEffect.swift in Sources */,
				31EEE940291560EA00DF92E3 /* Modifiers.swift in Sources */,
				3161F31C280604C300770CD6 /* Label.swift in Sources */,
			);
			runOnlyForDeploymentPostprocessing = 0;
		};
/* End PBXSourcesBuildPhase section */

/* Begin XCBuildConfiguration section */
		3161F316280604A700770CD6 /* Debug */ = {
			isa = XCBuildConfiguration;
			buildSettings = {
				ALWAYS_SEARCH_USER_PATHS = NO;
				CLANG_ANALYZER_NONNULL = YES;
				CLANG_ANALYZER_NUMBER_OBJECT_CONVERSION = YES_AGGRESSIVE;
				CLANG_CXX_LANGUAGE_STANDARD = "gnu++17";
				CLANG_CXX_LIBRARY = "libc++";
				CLANG_ENABLE_MODULES = YES;
				CLANG_ENABLE_OBJC_ARC = YES;
				CLANG_ENABLE_OBJC_WEAK = YES;
				CLANG_WARN_BLOCK_CAPTURE_AUTORELEASING = YES;
				CLANG_WARN_BOOL_CONVERSION = YES;
				CLANG_WARN_COMMA = YES;
				CLANG_WARN_CONSTANT_CONVERSION = YES;
				CLANG_WARN_DEPRECATED_OBJC_IMPLEMENTATIONS = YES;
				CLANG_WARN_DIRECT_OBJC_ISA_USAGE = YES_ERROR;
				CLANG_WARN_DOCUMENTATION_COMMENTS = YES;
				CLANG_WARN_EMPTY_BODY = YES;
				CLANG_WARN_ENUM_CONVERSION = YES;
				CLANG_WARN_INFINITE_RECURSION = YES;
				CLANG_WARN_INT_CONVERSION = YES;
				CLANG_WARN_NON_LITERAL_NULL_CONVERSION = YES;
				CLANG_WARN_OBJC_IMPLICIT_RETAIN_SELF = YES;
				CLANG_WARN_OBJC_LITERAL_CONVERSION = YES;
				CLANG_WARN_OBJC_ROOT_CLASS = YES_ERROR;
				CLANG_WARN_QUOTED_INCLUDE_IN_FRAMEWORK_HEADER = YES;
				CLANG_WARN_RANGE_LOOP_ANALYSIS = YES;
				CLANG_WARN_STRICT_PROTOTYPES = YES;
				CLANG_WARN_SUSPICIOUS_MOVE = YES;
				CLANG_WARN_UNGUARDED_AVAILABILITY = YES_AGGRESSIVE;
				CLANG_WARN_UNREACHABLE_CODE = YES;
				CLANG_WARN__DUPLICATE_METHOD_MATCH = YES;
				COPY_PHASE_STRIP = NO;
				DEBUG_INFORMATION_FORMAT = dwarf;
				ENABLE_STRICT_OBJC_MSGSEND = YES;
				ENABLE_TESTABILITY = YES;
				GCC_C_LANGUAGE_STANDARD = gnu11;
				GCC_DYNAMIC_NO_PIC = NO;
				GCC_NO_COMMON_BLOCKS = YES;
				GCC_OPTIMIZATION_LEVEL = 0;
				GCC_PREPROCESSOR_DEFINITIONS = (
					"DEBUG=1",
					"$(inherited)",
				);
				GCC_WARN_64_TO_32_BIT_CONVERSION = YES;
				GCC_WARN_ABOUT_RETURN_TYPE = YES_ERROR;
				GCC_WARN_UNDECLARED_SELECTOR = YES;
				GCC_WARN_UNINITIALIZED_AUTOS = YES_AGGRESSIVE;
				GCC_WARN_UNUSED_FUNCTION = YES;
				GCC_WARN_UNUSED_VARIABLE = YES;
				IPHONEOS_DEPLOYMENT_TARGET = 15.2;
				MTL_ENABLE_DEBUG_INFO = INCLUDE_SOURCE;
				MTL_FAST_MATH = YES;
				ONLY_ACTIVE_ARCH = YES;
				SDKROOT = iphoneos;
				SWIFT_ACTIVE_COMPILATION_CONDITIONS = DEBUG;
				SWIFT_OPTIMIZATION_LEVEL = "-Onone";
			};
			name = Debug;
		};
		3161F317280604A700770CD6 /* Release */ = {
			isa = XCBuildConfiguration;
			buildSettings = {
				ALWAYS_SEARCH_USER_PATHS = NO;
				CLANG_ANALYZER_NONNULL = YES;
				CLANG_ANALYZER_NUMBER_OBJECT_CONVERSION = YES_AGGRESSIVE;
				CLANG_CXX_LANGUAGE_STANDARD = "gnu++17";
				CLANG_CXX_LIBRARY = "libc++";
				CLANG_ENABLE_MODULES = YES;
				CLANG_ENABLE_OBJC_ARC = YES;
				CLANG_ENABLE_OBJC_WEAK = YES;
				CLANG_WARN_BLOCK_CAPTURE_AUTORELEASING = YES;
				CLANG_WARN_BOOL_CONVERSION = YES;
				CLANG_WARN_COMMA = YES;
				CLANG_WARN_CONSTANT_CONVERSION = YES;
				CLANG_WARN_DEPRECATED_OBJC_IMPLEMENTATIONS = YES;
				CLANG_WARN_DIRECT_OBJC_ISA_USAGE = YES_ERROR;
				CLANG_WARN_DOCUMENTATION_COMMENTS = YES;
				CLANG_WARN_EMPTY_BODY = YES;
				CLANG_WARN_ENUM_CONVERSION = YES;
				CLANG_WARN_INFINITE_RECURSION = YES;
				CLANG_WARN_INT_CONVERSION = YES;
				CLANG_WARN_NON_LITERAL_NULL_CONVERSION = YES;
				CLANG_WARN_OBJC_IMPLICIT_RETAIN_SELF = YES;
				CLANG_WARN_OBJC_LITERAL_CONVERSION = YES;
				CLANG_WARN_OBJC_ROOT_CLASS = YES_ERROR;
				CLANG_WARN_QUOTED_INCLUDE_IN_FRAMEWORK_HEADER = YES;
				CLANG_WARN_RANGE_LOOP_ANALYSIS = YES;
				CLANG_WARN_STRICT_PROTOTYPES = YES;
				CLANG_WARN_SUSPICIOUS_MOVE = YES;
				CLANG_WARN_UNGUARDED_AVAILABILITY = YES_AGGRESSIVE;
				CLANG_WARN_UNREACHABLE_CODE = YES;
				CLANG_WARN__DUPLICATE_METHOD_MATCH = YES;
				COPY_PHASE_STRIP = NO;
				DEBUG_INFORMATION_FORMAT = "dwarf-with-dsym";
				ENABLE_NS_ASSERTIONS = NO;
				ENABLE_STRICT_OBJC_MSGSEND = YES;
				GCC_C_LANGUAGE_STANDARD = gnu11;
				GCC_NO_COMMON_BLOCKS = YES;
				GCC_WARN_64_TO_32_BIT_CONVERSION = YES;
				GCC_WARN_ABOUT_RETURN_TYPE = YES_ERROR;
				GCC_WARN_UNDECLARED_SELECTOR = YES;
				GCC_WARN_UNINITIALIZED_AUTOS = YES_AGGRESSIVE;
				GCC_WARN_UNUSED_FUNCTION = YES;
				GCC_WARN_UNUSED_VARIABLE = YES;
				IPHONEOS_DEPLOYMENT_TARGET = 15.2;
				MTL_ENABLE_DEBUG_INFO = NO;
				MTL_FAST_MATH = YES;
				SDKROOT = iphoneos;
				SWIFT_COMPILATION_MODE = wholemodule;
				SWIFT_OPTIMIZATION_LEVEL = "-O";
				VALIDATE_PRODUCT = YES;
			};
			name = Release;
		};
		3161F319280604A700770CD6 /* Debug */ = {
			isa = XCBuildConfiguration;
			buildSettings = {
				ASSETCATALOG_COMPILER_APPICON_NAME = AppIcon;
				ASSETCATALOG_COMPILER_GLOBAL_ACCENT_COLOR_NAME = AccentColor;
				CODE_SIGN_STYLE = Automatic;
				CURRENT_PROJECT_VERSION = 1;
				DEVELOPMENT_ASSET_PATHS = "\"UITraining/Preview Content\"";
				DEVELOPMENT_TEAM = 7HSG94ANS5;
				ENABLE_PREVIEWS = YES;
				GENERATE_INFOPLIST_FILE = YES;
				INFOPLIST_KEY_UIApplicationSceneManifest_Generation = YES;
				INFOPLIST_KEY_UIApplicationSupportsIndirectInputEvents = YES;
				INFOPLIST_KEY_UILaunchScreen_Generation = YES;
				INFOPLIST_KEY_UISupportedInterfaceOrientations_iPad = "UIInterfaceOrientationPortrait UIInterfaceOrientationPortraitUpsideDown UIInterfaceOrientationLandscapeLeft UIInterfaceOrientationLandscapeRight";
				INFOPLIST_KEY_UISupportedInterfaceOrientations_iPhone = "UIInterfaceOrientationPortrait UIInterfaceOrientationLandscapeLeft UIInterfaceOrientationLandscapeRight";
				LD_RUNPATH_SEARCH_PATHS = (
					"$(inherited)",
					"@executable_path/Frameworks",
				);
				MARKETING_VERSION = 1.0;
				PRODUCT_BUNDLE_IDENTIFIER = com.URChurch.UITraining;
				PRODUCT_NAME = "$(TARGET_NAME)";
				SWIFT_EMIT_LOC_STRINGS = YES;
				SWIFT_VERSION = 5.0;
				TARGETED_DEVICE_FAMILY = "1,2";
			};
			name = Debug;
		};
		3161F31A280604A700770CD6 /* Release */ = {
			isa = XCBuildConfiguration;
			buildSettings = {
				ASSETCATALOG_COMPILER_APPICON_NAME = AppIcon;
				ASSETCATALOG_COMPILER_GLOBAL_ACCENT_COLOR_NAME = AccentColor;
				CODE_SIGN_STYLE = Automatic;
				CURRENT_PROJECT_VERSION = 1;
				DEVELOPMENT_ASSET_PATHS = "\"UITraining/Preview Content\"";
				DEVELOPMENT_TEAM = 7HSG94ANS5;
				ENABLE_PREVIEWS = YES;
				GENERATE_INFOPLIST_FILE = YES;
				INFOPLIST_KEY_UIApplicationSceneManifest_Generation = YES;
				INFOPLIST_KEY_UIApplicationSupportsIndirectInputEvents = YES;
				INFOPLIST_KEY_UILaunchScreen_Generation = YES;
				INFOPLIST_KEY_UISupportedInterfaceOrientations_iPad = "UIInterfaceOrientationPortrait UIInterfaceOrientationPortraitUpsideDown UIInterfaceOrientationLandscapeLeft UIInterfaceOrientationLandscapeRight";
				INFOPLIST_KEY_UISupportedInterfaceOrientations_iPhone = "UIInterfaceOrientationPortrait UIInterfaceOrientationLandscapeLeft UIInterfaceOrientationLandscapeRight";
				LD_RUNPATH_SEARCH_PATHS = (
					"$(inherited)",
					"@executable_path/Frameworks",
				);
				MARKETING_VERSION = 1.0;
				PRODUCT_BUNDLE_IDENTIFIER = com.URChurch.UITraining;
				PRODUCT_NAME = "$(TARGET_NAME)";
				SWIFT_EMIT_LOC_STRINGS = YES;
				SWIFT_VERSION = 5.0;
				TARGETED_DEVICE_FAMILY = "1,2";
			};
			name = Release;
		};
/* End XCBuildConfiguration section */

/* Begin XCConfigurationList section */
		3161F305280604A600770CD6 /* Build configuration list for PBXProject "UITraining" */ = {
			isa = XCConfigurationList;
			buildConfigurations = (
				3161F316280604A700770CD6 /* Debug */,
				3161F317280604A700770CD6 /* Release */,
			);
			defaultConfigurationIsVisible = 0;
			defaultConfigurationName = Release;
		};
		3161F318280604A700770CD6 /* Build configuration list for PBXNativeTarget "UITraining" */ = {
			isa = XCConfigurationList;
			buildConfigurations = (
				3161F319280604A700770CD6 /* Debug */,
				3161F31A280604A700770CD6 /* Release */,
			);
			defaultConfigurationIsVisible = 0;
			defaultConfigurationName = Release;
		};
/* End XCConfigurationList section */
	};
	rootObject = 3161F302280604A600770CD6 /* Project object */;
}
